
Microsoft Visual Studio Solution File, Format Version 12.00
# Visual Studio Version 17
VisualStudioVersion = 17.3.32922.545
MinimumVisualStudioVersion = 10.0.40219.1
Project("{FAE04EC0-301F-11D3-BF4B-00C04F79EFBC}") = "WebAPI", "WebAPI.csproj", "{CE7DF5DE-AD82-4917-BABC-C1BC52FE7085}"
EndProject
Global
	GlobalSection(SolutionConfigurationPlatforms) = preSolution
		Debug|Any CPU = Debug|Any CPU
		Release|Any CPU = Release|Any CPU
	EndGlobalSection
	GlobalSection(ProjectConfigurationPlatforms) = postSolution
		{CE7DF5DE-AD82-4917-BABC-C1BC52FE7085}.Debug|Any CPU.ActiveCfg = Debug|Any CPU
		{CE7DF5DE-AD82-4917-BABC-C1BC52FE7085}.Debug|Any CPU.Build.0 = Debug|Any CPU
		{CE7DF5DE-AD82-4917-BABC-C1BC52FE7085}.Release|Any CPU.ActiveCfg = Release|Any CPU
		{CE7DF5DE-AD82-4917-BABC-C1BC52FE7085}.Release|Any CPU.Build.0 = Release|Any CPU
	EndGlobalSection
	GlobalSection(SolutionProperties) = preSolution
		HideSolutionNode = FALSE
	EndGlobalSection
	GlobalSection(ExtensibilityGlobals) = postSolution
		SolutionGuid = {1054F0E6-827F-421E-BAF1-3041984B5C66}
	EndGlobalSection
EndGlobal
